{
  "name": "login",
  "lockfileVersion": 2,
  "requires": true,
  "packages": {
    "": {
      "dependencies": {
        "animsition": "^4.0.2",
        "jquery": "^3.2.1"
      }
    },
    "node_modules/animsition": {
      "version": "4.0.2",
      "resolved": "https://registry.npmjs.org/animsition/-/animsition-4.0.2.tgz",
      "integrity": "sha512-mDrTq47VSWU715OPFIfNB0yyZbTcOPy6Jw0iNN2mj8jkrPKIdzOoLdBp8aOd22iv5phwd/ZmixIYhcEnc0Hjyg=="
    },
    "node_modules/jquery": {
      "version": "3.2.1",
      "resolved": "https://registry.npmjs.org/jquery/-/jquery-3.2.1.tgz",
      "integrity": "sha512-iQUctXqe/nSa7hshPkQnJaJEUfxM139//hg2nJj+wsqVvd/YgXALR3jTNGh7BylgsyfcC8r4i2cJrClGBkDu5Q=="
    }
  },
  "dependencies": {
    "animsition": {
      "version": "4.0.2",
      "resolved": "https://registry.npmjs.org/animsition/-/animsition-4.0.2.tgz",
      "integrity": "sha512-mDrTq47VSWU715OPFIfNB0yyZbTcOPy6Jw0iNN2mj8jkrPKIdzOoLdBp8aOd22iv5phwd/ZmixIYhcEnc0Hjyg=="
    },
    "jquery": {
      "version": "3.2.1",
      "resolved": "https://registry.npmjs.org/jquery/-/jquery-3.2.1.tgz",
      "integrity": "sha512-iQUctXqe/nSa7hshPkQnJaJEUfxM139//hg2nJj+wsqVvd/YgXALR3jTNGh7BylgsyfcC8r4i2cJrClGBkDu5Q=="
    }
  }
}
