{
  "name": "login",
  "lockfileVersion": 2,
  "requires": true,
  "packages": {
    "": {
      "dependencies": {
        "animsition": "^4.0.2",
        "jquery": "^3.2.1",
        "tom-select": "^2.2.2"
      }
    },
    "node_modules/@orchidjs/sifter": {
      "version": "1.0.3",
      "resolved": "https://registry.npmjs.org/@orchidjs/sifter/-/sifter-1.0.3.tgz",
      "integrity": "sha512-zCZbwKegHytfsPm8Amcfh7v/4vHqTAaOu6xFswBYcn8nznBOuseu6COB2ON7ez0tFV0mKL0nRNnCiZZA+lU9/g==",
      "dependencies": {
        "@orchidjs/unicode-variants": "^1.0.4"
      }
    },
    "node_modules/@orchidjs/unicode-variants": {
      "version": "1.0.4",
      "resolved": "https://registry.npmjs.org/@orchidjs/unicode-variants/-/unicode-variants-1.0.4.tgz",
      "integrity": "sha512-NvVBRnZNE+dugiXERFsET1JlKZfM5lJDEpSMilKW4bToYJ7pxf0Zne78xyXB2ny2c2aHfJ6WLnz1AaTNHAmQeQ=="
    },
    "node_modules/animsition": {
      "version": "4.0.2",
      "resolved": "https://registry.npmjs.org/animsition/-/animsition-4.0.2.tgz",
      "integrity": "sha512-mDrTq47VSWU715OPFIfNB0yyZbTcOPy6Jw0iNN2mj8jkrPKIdzOoLdBp8aOd22iv5phwd/ZmixIYhcEnc0Hjyg=="
    },
    "node_modules/jquery": {
      "version": "3.2.1",
      "resolved": "https://registry.npmjs.org/jquery/-/jquery-3.2.1.tgz",
      "integrity": "sha512-iQUctXqe/nSa7hshPkQnJaJEUfxM139//hg2nJj+wsqVvd/YgXALR3jTNGh7BylgsyfcC8r4i2cJrClGBkDu5Q=="
    },
    "node_modules/tom-select": {
      "version": "2.2.2",
      "resolved": "https://registry.npmjs.org/tom-select/-/tom-select-2.2.2.tgz",
      "integrity": "sha512-igGah1yY6yhrnN2h/Ky8I5muw/nE/YQxIsEZoYu5qaA4bsRibvKto3s8QZZosKpOd0uO8fNYhRfAwgHB4IAYew==",
      "dependencies": {
        "@orchidjs/sifter": "^1.0.3",
        "@orchidjs/unicode-variants": "^1.0.4"
      },
      "engines": {
        "node": "*"
      },
      "funding": {
        "type": "opencollective",
        "url": "https://opencollective.com/tom-select"
      }
    }
  },
  "dependencies": {
    "@orchidjs/sifter": {
      "version": "1.0.3",
      "resolved": "https://registry.npmjs.org/@orchidjs/sifter/-/sifter-1.0.3.tgz",
      "integrity": "sha512-zCZbwKegHytfsPm8Amcfh7v/4vHqTAaOu6xFswBYcn8nznBOuseu6COB2ON7ez0tFV0mKL0nRNnCiZZA+lU9/g==",
      "requires": {
        "@orchidjs/unicode-variants": "^1.0.4"
      }
    },
    "@orchidjs/unicode-variants": {
      "version": "1.0.4",
      "resolved": "https://registry.npmjs.org/@orchidjs/unicode-variants/-/unicode-variants-1.0.4.tgz",
      "integrity": "sha512-NvVBRnZNE+dugiXERFsET1JlKZfM5lJDEpSMilKW4bToYJ7pxf0Zne78xyXB2ny2c2aHfJ6WLnz1AaTNHAmQeQ=="
    },
    "animsition": {
      "version": "4.0.2",
      "resolved": "https://registry.npmjs.org/animsition/-/animsition-4.0.2.tgz",
      "integrity": "sha512-mDrTq47VSWU715OPFIfNB0yyZbTcOPy6Jw0iNN2mj8jkrPKIdzOoLdBp8aOd22iv5phwd/ZmixIYhcEnc0Hjyg=="
    },
    "jquery": {
      "version": "3.2.1",
      "resolved": "https://registry.npmjs.org/jquery/-/jquery-3.2.1.tgz",
      "integrity": "sha512-iQUctXqe/nSa7hshPkQnJaJEUfxM139//hg2nJj+wsqVvd/YgXALR3jTNGh7BylgsyfcC8r4i2cJrClGBkDu5Q=="
    },
    "tom-select": {
      "version": "2.2.2",
      "resolved": "https://registry.npmjs.org/tom-select/-/tom-select-2.2.2.tgz",
      "integrity": "sha512-igGah1yY6yhrnN2h/Ky8I5muw/nE/YQxIsEZoYu5qaA4bsRibvKto3s8QZZosKpOd0uO8fNYhRfAwgHB4IAYew==",
      "requires": {
        "@orchidjs/sifter": "^1.0.3",
        "@orchidjs/unicode-variants": "^1.0.4"
      }
    }
  }
}
